{
  "name": "Programmazione-Avanzata-UNIVPM-23-24",
  "lockfileVersion": 3,
  "requires": true,
  "packages": {
    "": {
      "dependencies": {
        "tic-tac-toe-ai-engine": "^1.0.9"
      }
    },
    "node_modules/tic-tac-toe-ai-engine": {
      "version": "1.0.9",
      "resolved": "https://registry.npmjs.org/tic-tac-toe-ai-engine/-/tic-tac-toe-ai-engine-1.0.9.tgz",
      "integrity": "sha512-2wS7IxJtW1EYvm6dqHOhq/u+0310bjjl02kk5PgP5oDV/BN55ocV99FF4MzXWOaQNTZOzgxidMVSsPmbFGFdwQ=="
    }
  }
}
